// !$*UTF8*$!
{
	archiveVersion = 1;
	classes = {
	};
	objectVersion = 50;
	objects = {

/* Begin PBXBuildFile section */
		FA53A420264494C10032095E /* CoinData.swift in Sources */ = {isa = PBXBuildFile; fileRef = FA53A41F264494C10032095E /* CoinData.swift */; };
		FAF128D3264327170051B132 /* AppDelegate.swift in Sources */ = {isa = PBXBuildFile; fileRef = FAF128D2264327170051B132 /* AppDelegate.swift */; };
		FAF128D5264327170051B132 /* SceneDelegate.swift in Sources */ = {isa = PBXBuildFile; fileRef = FAF128D4264327170051B132 /* SceneDelegate.swift */; };
		FAF128D7264327170051B132 /* ViewController.swift in Sources */ = {isa = PBXBuildFile; fileRef = FAF128D6264327170051B132 /* ViewController.swift */; };
		FAF128DA264327170051B132 /* Main.storyboard in Resources */ = {isa = PBXBuildFile; fileRef = FAF128D8264327170051B132 /* Main.storyboard */; };
		FAF128DF264327180051B132 /* LaunchScreen.storyboard in Resources */ = {isa = PBXBuildFile; fileRef = FAF128DD264327180051B132 /* LaunchScreen.storyboard */; };
		FAF128E7264329440051B132 /* Assets.xcassets in Resources */ = {isa = PBXBuildFile; fileRef = FAF128E6264329440051B132 /* Assets.xcassets */; };
		FAF128ED264332740051B132 /* CoinModel.swift in Sources */ = {isa = PBXBuildFile; fileRef = FAF128EC264332740051B132 /* CoinModel.swift */; };
/* End PBXBuildFile section */

/* Begin PBXFileReference section */
		FA53A41F264494C10032095E /* CoinData.swift */ = {isa = PBXFileReference; lastKnownFileType = sourcecode.swift; path = CoinData.swift; sourceTree = "<group>"; };
		FAF128CF264327170051B132 /* BitcoinTracker.app */ = {isa = PBXFileReference; explicitFileType = wrapper.application; includeInIndex = 0; path = BitcoinTracker.app; sourceTree = BUILT_PRODUCTS_DIR; };
		FAF128D2264327170051B132 /* AppDelegate.swift */ = {isa = PBXFileReference; lastKnownFileType = sourcecode.swift; path = AppDelegate.swift; sourceTree = "<group>"; };
		FAF128D4264327170051B132 /* SceneDelegate.swift */ = {isa = PBXFileReference; lastKnownFileType = sourcecode.swift; path = SceneDelegate.swift; sourceTree = "<group>"; };
		FAF128D6264327170051B132 /* ViewController.swift */ = {isa = PBXFileReference; lastKnownFileType = sourcecode.swift; path = ViewController.swift; sourceTree = "<group>"; };
		FAF128D9264327170051B132 /* Base */ = {isa = PBXFileReference; lastKnownFileType = file.storyboard; name = Base; path = Base.lproj/Main.storyboard; sourceTree = "<group>"; };
		FAF128DE264327180051B132 /* Base */ = {isa = PBXFileReference; lastKnownFileType = file.storyboard; name = Base; path = Base.lproj/LaunchScreen.storyboard; sourceTree = "<group>"; };
		FAF128E0264327180051B132 /* Info.plist */ = {isa = PBXFileReference; lastKnownFileType = text.plist.xml; path = Info.plist; sourceTree = "<group>"; };
		FAF128E6264329440051B132 /* Assets.xcassets */ = {isa = PBXFileReference; lastKnownFileType = folder.assetcatalog; path = Assets.xcassets; sourceTree = "<group>"; };
		FAF128EC264332740051B132 /* CoinModel.swift */ = {isa = PBXFileReference; lastKnownFileType = sourcecode.swift; path = CoinModel.swift; sourceTree = "<group>"; };
/* End PBXFileReference section */

/* Begin PBXFrameworksBuildPhase section */
		FAF128CC264327170051B132 /* Frameworks */ = {
			isa = PBXFrameworksBuildPhase;
			buildActionMask = 2147483647;
			files = (
			);
			runOnlyForDeploymentPostprocessing = 0;
		};
/* End PBXFrameworksBuildPhase section */

/* Begin PBXGroup section */
		FAF128C6264327160051B132 = {
			isa = PBXGroup;
			children = (
				FAF128D1264327170051B132 /* BitcoinTracker */,
				FAF128D0264327170051B132 /* Products */,
			);
			sourceTree = "<group>";
		};
		FAF128D0264327170051B132 /* Products */ = {
			isa = PBXGroup;
			children = (
				FAF128CF264327170051B132 /* BitcoinTracker.app */,
			);
			name = Products;
			sourceTree = "<group>";
		};
		FAF128D1264327170051B132 /* BitcoinTracker */ = {
			isa = PBXGroup;
			children = (
				FAF128EB26432ACA0051B132 /* Controller */,
				FAF128EA26432ABD0051B132 /* View */,
				FAF128E826432AA30051B132 /* Model */,
				FAF128D2264327170051B132 /* AppDelegate.swift */,
				FAF128D4264327170051B132 /* SceneDelegate.swift */,
				FAF128E6264329440051B132 /* Assets.xcassets */,
				FAF128DD264327180051B132 /* LaunchScreen.storyboard */,
				FAF128E0264327180051B132 /* Info.plist */,
			);
			path = BitcoinTracker;
			sourceTree = "<group>";
		};
		FAF128E826432AA30051B132 /* Model */ = {
			isa = PBXGroup;
			children = (
				FAF128EC264332740051B132 /* CoinModel.swift */,
				FA53A41F264494C10032095E /* CoinData.swift */,
			);
			path = Model;
			sourceTree = "<group>";
		};
		FAF128EA26432ABD0051B132 /* View */ = {
			isa = PBXGroup;
			children = (
				FAF128D8264327170051B132 /* Main.storyboard */,
			);
			path = View;
			sourceTree = "<group>";
		};
		FAF128EB26432ACA0051B132 /* Controller */ = {
			isa = PBXGroup;
			children = (
				FAF128D6264327170051B132 /* ViewController.swift */,
			);
			path = Controller;
			sourceTree = "<group>";
		};
/* End PBXGroup section */

/* Begin PBXNativeTarget section */
		FAF128CE264327170051B132 /* BitcoinTracker */ = {
			isa = PBXNativeTarget;
			buildConfigurationList = FAF128E3264327180051B132 /* Build configuration list for PBXNativeTarget "BitcoinTracker" */;
			buildPhases = (
				FAF128CB264327170051B132 /* Sources */,
				FAF128CC264327170051B132 /* Frameworks */,
				FAF128CD264327170051B132 /* Resources */,
			);
			buildRules = (
			);
			dependencies = (
			);
			name = BitcoinTracker;
			productName = BitcoinTracker;
			productReference = FAF128CF264327170051B132 /* BitcoinTracker.app */;
			productType = "com.apple.product-type.application";
		};
/* End PBXNativeTarget section */

/* Begin PBXProject section */
		FAF128C7264327170051B132 /* Project object */ = {
			isa = PBXProject;
			attributes = {
				LastSwiftUpdateCheck = 1250;
				LastUpgradeCheck = 1250;
				TargetAttributes = {
					FAF128CE264327170051B132 = {
						CreatedOnToolsVersion = 12.5;
					};
				};
			};
			buildConfigurationList = FAF128CA264327170051B132 /* Build configuration list for PBXProject "BitcoinTracker" */;
			compatibilityVersion = "Xcode 9.3";
			developmentRegion = en;
			hasScannedForEncodings = 0;
			knownRegions = (
				en,
				Base,
			);
			mainGroup = FAF128C6264327160051B132;
			productRefGroup = FAF128D0264327170051B132 /* Products */;
			projectDirPath = "";
			projectRoot = "";
			targets = (
				FAF128CE264327170051B132 /* BitcoinTracker */,
			);
		};
/* End PBXProject section */

/* Begin PBXResourcesBuildPhase section */
		FAF128CD264327170051B132 /* Resources */ = {
			isa = PBXResourcesBuildPhase;
			buildActionMask = 2147483647;
			files = (
				FAF128DF264327180051B132 /* LaunchScreen.storyboard in Resources */,
				FAF128E7264329440051B132 /* Assets.xcassets in Resources */,
				FAF128DA264327170051B132 /* Main.storyboard in Resources */,
			);
			runOnlyForDeploymentPostprocessing = 0;
		};
/* End PBXResourcesBuildPhase section */

/* Begin PBXSourcesBuildPhase section */
		FAF128CB264327170051B132 /* Sources */ = {
			isa = PBXSourcesBuildPhase;
			buildActionMask = 2147483647;
			files = (
				FAF128ED264332740051B132 /* CoinModel.swift in Sources */,
				FAF128D7264327170051B132 /* ViewController.swift in Sources */,
				FA53A420264494C10032095E /* CoinData.swift in Sources */,
				FAF128D3264327170051B132 /* AppDelegate.swift in Sources */,
				FAF128D5264327170051B132 /* SceneDelegate.swift in Sources */,
			);
			runOnlyForDeploymentPostprocessing = 0;
		};
/* End PBXSourcesBuildPhase section */

/* Begin PBXVariantGroup section */
		FAF128D8264327170051B132 /* Main.storyboard */ = {
			isa = PBXVariantGroup;
			children = (
				FAF128D9264327170051B132 /* Base */,
			);
			name = Main.storyboard;
			sourceTree = "<group>";
		};
		FAF128DD264327180051B132 /* LaunchScreen.storyboard */ = {
			isa = PBXVariantGroup;
			children = (
				FAF128DE264327180051B132 /* Base */,
			);
			name = LaunchScreen.storyboard;
			sourceTree = "<group>";
		};
/* End PBXVariantGroup section */

/* Begin XCBuildConfiguration section */
		FAF128E1264327180051B132 /* Debug */ = {
			isa = XCBuildConfiguration;
			buildSettings = {
				ALWAYS_SEARCH_USER_PATHS = NO;
				CLANG_ANALYZER_NONNULL = YES;
				CLANG_ANALYZER_NUMBER_OBJECT_CONVERSION = YES_AGGRESSIVE;
				CLANG_CXX_LANGUAGE_STANDARD = "gnu++14";
				CLANG_CXX_LIBRARY = "libc++";
				CLANG_ENABLE_MODULES = YES;
				CLANG_ENABLE_OBJC_ARC = YES;
				CLANG_ENABLE_OBJC_WEAK = YES;
				CLANG_WARN_BLOCK_CAPTURE_AUTORELEASING = YES;
				CLANG_WARN_BOOL_CONVERSION = YES;
				CLANG_WARN_COMMA = YES;
				CLANG_WARN_CONSTANT_CONVERSION = YES;
				CLANG_WARN_DEPRECATED_OBJC_IMPLEMENTATIONS = YES;
				CLANG_WARN_DIRECT_OBJC_ISA_USAGE = YES_ERROR;
				CLANG_WARN_DOCUMENTATION_COMMENTS = YES;
				CLANG_WARN_EMPTY_BODY = YES;
				CLANG_WARN_ENUM_CONVERSION = YES;
				CLANG_WARN_INFINITE_RECURSION = YES;
				CLANG_WARN_INT_CONVERSION = YES;
				CLANG_WARN_NON_LITERAL_NULL_CONVERSION = YES;
				CLANG_WARN_OBJC_IMPLICIT_RETAIN_SELF = YES;
				CLANG_WARN_OBJC_LITERAL_CONVERSION = YES;
				CLANG_WARN_OBJC_ROOT_CLASS = YES_ERROR;
				CLANG_WARN_QUOTED_INCLUDE_IN_FRAMEWORK_HEADER = YES;
				CLANG_WARN_RANGE_LOOP_ANALYSIS = YES;
				CLANG_WARN_STRICT_PROTOTYPES = YES;
				CLANG_WARN_SUSPICIOUS_MOVE = YES;
				CLANG_WARN_UNGUARDED_AVAILABILITY = YES_AGGRESSIVE;
				CLANG_WARN_UNREACHABLE_CODE = YES;
				CLANG_WARN__DUPLICATE_METHOD_MATCH = YES;
				COPY_PHASE_STRIP = NO;
				DEBUG_INFORMATION_FORMAT = dwarf;
				ENABLE_STRICT_OBJC_MSGSEND = YES;
				ENABLE_TESTABILITY = YES;
				GCC_C_LANGUAGE_STANDARD = gnu11;
				GCC_DYNAMIC_NO_PIC = NO;
				GCC_NO_COMMON_BLOCKS = YES;
				GCC_OPTIMIZATION_LEVEL = 0;
				GCC_PREPROCESSOR_DEFINITIONS = (
					"DEBUG=1",
					"$(inherited)",
				);
				GCC_WARN_64_TO_32_BIT_CONVERSION = YES;
				GCC_WARN_ABOUT_RETURN_TYPE = YES_ERROR;
				GCC_WARN_UNDECLARED_SELECTOR = YES;
				GCC_WARN_UNINITIALIZED_AUTOS = YES_AGGRESSIVE;
				GCC_WARN_UNUSED_FUNCTION = YES;
				GCC_WARN_UNUSED_VARIABLE = YES;
				IPHONEOS_DEPLOYMENT_TARGET = 14.5;
				MTL_ENABLE_DEBUG_INFO = INCLUDE_SOURCE;
				MTL_FAST_MATH = YES;
				ONLY_ACTIVE_ARCH = YES;
				SDKROOT = iphoneos;
				SWIFT_ACTIVE_COMPILATION_CONDITIONS = DEBUG;
				SWIFT_OPTIMIZATION_LEVEL = "-Onone";
			};
			name = Debug;
		};
		FAF128E2264327180051B132 /* Release */ = {
			isa = XCBuildConfiguration;
			buildSettings = {
				ALWAYS_SEARCH_USER_PATHS = NO;
				CLANG_ANALYZER_NONNULL = YES;
				CLANG_ANALYZER_NUMBER_OBJECT_CONVERSION = YES_AGGRESSIVE;
				CLANG_CXX_LANGUAGE_STANDARD = "gnu++14";
				CLANG_CXX_LIBRARY = "libc++";
				CLANG_ENABLE_MODULES = YES;
				CLANG_ENABLE_OBJC_ARC = YES;
				CLANG_ENABLE_OBJC_WEAK = YES;
				CLANG_WARN_BLOCK_CAPTURE_AUTORELEASING = YES;
				CLANG_WARN_BOOL_CONVERSION = YES;
				CLANG_WARN_COMMA = YES;
				CLANG_WARN_CONSTANT_CONVERSION = YES;
				CLANG_WARN_DEPRECATED_OBJC_IMPLEMENTATIONS = YES;
				CLANG_WARN_DIRECT_OBJC_ISA_USAGE = YES_ERROR;
				CLANG_WARN_DOCUMENTATION_COMMENTS = YES;
				CLANG_WARN_EMPTY_BODY = YES;
				CLANG_WARN_ENUM_CONVERSION = YES;
				CLANG_WARN_INFINITE_RECURSION = YES;
				CLANG_WARN_INT_CONVERSION = YES;
				CLANG_WARN_NON_LITERAL_NULL_CONVERSION = YES;
				CLANG_WARN_OBJC_IMPLICIT_RETAIN_SELF = YES;
				CLANG_WARN_OBJC_LITERAL_CONVERSION = YES;
				CLANG_WARN_OBJC_ROOT_CLASS = YES_ERROR;
				CLANG_WARN_QUOTED_INCLUDE_IN_FRAMEWORK_HEADER = YES;
				CLANG_WARN_RANGE_LOOP_ANALYSIS = YES;
				CLANG_WARN_STRICT_PROTOTYPES = YES;
				CLANG_WARN_SUSPICIOUS_MOVE = YES;
				CLANG_WARN_UNGUARDED_AVAILABILITY = YES_AGGRESSIVE;
				CLANG_WARN_UNREACHABLE_CODE = YES;
				CLANG_WARN__DUPLICATE_METHOD_MATCH = YES;
				COPY_PHASE_STRIP = NO;
				DEBUG_INFORMATION_FORMAT = "dwarf-with-dsym";
				ENABLE_NS_ASSERTIONS = NO;
				ENABLE_STRICT_OBJC_MSGSEND = YES;
				GCC_C_LANGUAGE_STANDARD = gnu11;
				GCC_NO_COMMON_BLOCKS = YES;
				GCC_WARN_64_TO_32_BIT_CONVERSION = YES;
				GCC_WARN_ABOUT_RETURN_TYPE = YES_ERROR;
				GCC_WARN_UNDECLARED_SELECTOR = YES;
				GCC_WARN_UNINITIALIZED_AUTOS = YES_AGGRESSIVE;
				GCC_WARN_UNUSED_FUNCTION = YES;
				GCC_WARN_UNUSED_VARIABLE = YES;
				IPHONEOS_DEPLOYMENT_TARGET = 14.5;
				MTL_ENABLE_DEBUG_INFO = NO;
				MTL_FAST_MATH = YES;
				SDKROOT = iphoneos;
				SWIFT_COMPILATION_MODE = wholemodule;
				SWIFT_OPTIMIZATION_LEVEL = "-O";
				VALIDATE_PRODUCT = YES;
			};
			name = Release;
		};
		FAF128E4264327180051B132 /* Debug */ = {
			isa = XCBuildConfiguration;
			buildSettings = {
				ASSETCATALOG_COMPILER_APPICON_NAME = AppIcon;
				ASSETCATALOG_COMPILER_GLOBAL_ACCENT_COLOR_NAME = AccentColor;
				CODE_SIGN_STYLE = Automatic;
				INFOPLIST_FILE = BitcoinTracker/Info.plist;
				LD_RUNPATH_SEARCH_PATHS = (
					"$(inherited)",
					"@executable_path/Frameworks",
				);
				PRODUCT_BUNDLE_IDENTIFIER = edu.macomb.ITCS2520.BitcoinTracker;
				PRODUCT_NAME = "$(TARGET_NAME)";
				SWIFT_VERSION = 5.0;
				TARGETED_DEVICE_FAMILY = "1,2";
			};
			name = Debug;
		};
		FAF128E5264327180051B132 /* Release */ = {
			isa = XCBuildConfiguration;
			buildSettings = {
				ASSETCATALOG_COMPILER_APPICON_NAME = AppIcon;
				ASSETCATALOG_COMPILER_GLOBAL_ACCENT_COLOR_NAME = AccentColor;
				CODE_SIGN_STYLE = Automatic;
				INFOPLIST_FILE = BitcoinTracker/Info.plist;
				LD_RUNPATH_SEARCH_PATHS = (
					"$(inherited)",
					"@executable_path/Frameworks",
				);
				PRODUCT_BUNDLE_IDENTIFIER = edu.macomb.ITCS2520.BitcoinTracker;
				PRODUCT_NAME = "$(TARGET_NAME)";
				SWIFT_VERSION = 5.0;
				TARGETED_DEVICE_FAMILY = "1,2";
			};
			name = Release;
		};
/* End XCBuildConfiguration section */

/* Begin XCConfigurationList section */
		FAF128CA264327170051B132 /* Build configuration list for PBXProject "BitcoinTracker" */ = {
			isa = XCConfigurationList;
			buildConfigurations = (
				FAF128E1264327180051B132 /* Debug */,
				FAF128E2264327180051B132 /* Release */,
			);
			defaultConfigurationIsVisible = 0;
			defaultConfigurationName = Release;
		};
		FAF128E3264327180051B132 /* Build configuration list for PBXNativeTarget "BitcoinTracker" */ = {
			isa = XCConfigurationList;
			buildConfigurations = (
				FAF128E4264327180051B132 /* Debug */,
				FAF128E5264327180051B132 /* Release */,
			);
			defaultConfigurationIsVisible = 0;
			defaultConfigurationName = Release;
		};
/* End XCConfigurationList section */
	};
	rootObject = FAF128C7264327170051B132 /* Project object */;
}
